// !$*UTF8*$!
{
	archiveVersion = 1;
	classes = {
	};
	objectVersion = 56;
	objects = {

/* Begin PBXBuildFile section */
		6BB37FD12D546C8C005FCC33 /* ImageCropExApp.swift in Sources */ = {isa = PBXBuildFile; fileRef = 6BB37FD02D546C8C005FCC33 /* ImageCropExApp.swift */; };
		6BB37FD32D546C8C005FCC33 /* ContentView.swift in Sources */ = {isa = PBXBuildFile; fileRef = 6BB37FD22D546C8C005FCC33 /* ContentView.swift */; };
		6BB37FD52D546C8E005FCC33 /* Assets.xcassets in Resources */ = {isa = PBXBuildFile; fileRef = 6BB37FD42D546C8E005FCC33 /* Assets.xcassets */; };
		6BB37FD82D546C8E005FCC33 /* Preview Assets.xcassets in Resources */ = {isa = PBXBuildFile; fileRef = 6BB37FD72D546C8E005FCC33 /* Preview Assets.xcassets */; };
		6BB37FE22D546C8E005FCC33 /* ImageCropExTests.swift in Sources */ = {isa = PBXBuildFile; fileRef = 6BB37FE12D546C8E005FCC33 /* ImageCropExTests.swift */; };
		6BB37FEC2D546C8E005FCC33 /* ImageCropExUITests.swift in Sources */ = {isa = PBXBuildFile; fileRef = 6BB37FEB2D546C8E005FCC33 /* ImageCropExUITests.swift */; };
		6BB37FEE2D546C8E005FCC33 /* ImageCropExUITestsLaunchTests.swift in Sources */ = {isa = PBXBuildFile; fileRef = 6BB37FED2D546C8E005FCC33 /* ImageCropExUITestsLaunchTests.swift */; };
		6BB37FFD2D546D50005FCC33 /* CropBox.swift in Sources */ = {isa = PBXBuildFile; fileRef = 6BB37FFC2D546D50005FCC33 /* CropBox.swift */; };
		6BDB98472D55D46E00AC811D /* CropView.swift in Sources */ = {isa = PBXBuildFile; fileRef = 6BDB98462D55D46E00AC811D /* CropView.swift */; };
/* End PBXBuildFile section */

/* Begin PBXContainerItemProxy section */
		6BB37FDE2D546C8E005FCC33 /* PBXContainerItemProxy */ = {
			isa = PBXContainerItemProxy;
			containerPortal = 6BB37FC52D546C8C005FCC33 /* Project object */;
			proxyType = 1;
			remoteGlobalIDString = 6BB37FCC2D546C8C005FCC33;
			remoteInfo = ImageCropEx;
		};
		6BB37FE82D546C8E005FCC33 /* PBXContainerItemProxy */ = {
			isa = PBXContainerItemProxy;
			containerPortal = 6BB37FC52D546C8C005FCC33 /* Project object */;
			proxyType = 1;
			remoteGlobalIDString = 6BB37FCC2D546C8C005FCC33;
			remoteInfo = ImageCropEx;
		};
/* End PBXContainerItemProxy section */

/* Begin PBXFileReference section */
		6BB37FCD2D546C8C005FCC33 /* ImageCropEx.app */ = {isa = PBXFileReference; explicitFileType = wrapper.application; includeInIndex = 0; path = ImageCropEx.app; sourceTree = BUILT_PRODUCTS_DIR; };
		6BB37FD02D546C8C005FCC33 /* ImageCropExApp.swift */ = {isa = PBXFileReference; lastKnownFileType = sourcecode.swift; path = ImageCropExApp.swift; sourceTree = "<group>"; };
		6BB37FD22D546C8C005FCC33 /* ContentView.swift */ = {isa = PBXFileReference; lastKnownFileType = sourcecode.swift; path = ContentView.swift; sourceTree = "<group>"; };
		6BB37FD42D546C8E005FCC33 /* Assets.xcassets */ = {isa = PBXFileReference; lastKnownFileType = folder.assetcatalog; path = Assets.xcassets; sourceTree = "<group>"; };
		6BB37FD72D546C8E005FCC33 /* Preview Assets.xcassets */ = {isa = PBXFileReference; lastKnownFileType = folder.assetcatalog; path = "Preview Assets.xcassets"; sourceTree = "<group>"; };
		6BB37FDD2D546C8E005FCC33 /* ImageCropExTests.xctest */ = {isa = PBXFileReference; explicitFileType = wrapper.cfbundle; includeInIndex = 0; path = ImageCropExTests.xctest; sourceTree = BUILT_PRODUCTS_DIR; };
		6BB37FE12D546C8E005FCC33 /* ImageCropExTests.swift */ = {isa = PBXFileReference; lastKnownFileType = sourcecode.swift; path = ImageCropExTests.swift; sourceTree = "<group>"; };
		6BB37FE72D546C8E005FCC33 /* ImageCropExUITests.xctest */ = {isa = PBXFileReference; explicitFileType = wrapper.cfbundle; includeInIndex = 0; path = ImageCropExUITests.xctest; sourceTree = BUILT_PRODUCTS_DIR; };
		6BB37FEB2D546C8E005FCC33 /* ImageCropExUITests.swift */ = {isa = PBXFileReference; lastKnownFileType = sourcecode.swift; path = ImageCropExUITests.swift; sourceTree = "<group>"; };
		6BB37FED2D546C8E005FCC33 /* ImageCropExUITestsLaunchTests.swift */ = {isa = PBXFileReference; lastKnownFileType = sourcecode.swift; path = ImageCropExUITestsLaunchTests.swift; sourceTree = "<group>"; };
		6BB37FFC2D546D50005FCC33 /* CropBox.swift */ = {isa = PBXFileReference; lastKnownFileType = sourcecode.swift; path = CropBox.swift; sourceTree = "<group>"; };
		6BDB98462D55D46E00AC811D /* CropView.swift */ = {isa = PBXFileReference; lastKnownFileType = sourcecode.swift; path = CropView.swift; sourceTree = "<group>"; };
/* End PBXFileReference section */

/* Begin PBXFrameworksBuildPhase section */
		6BB37FCA2D546C8C005FCC33 /* Frameworks */ = {
			isa = PBXFrameworksBuildPhase;
			buildActionMask = 2147483647;
			files = (
			);
			runOnlyForDeploymentPostprocessing = 0;
		};
		6BB37FDA2D546C8E005FCC33 /* Frameworks */ = {
			isa = PBXFrameworksBuildPhase;
			buildActionMask = 2147483647;
			files = (
			);
			runOnlyForDeploymentPostprocessing = 0;
		};
		6BB37FE42D546C8E005FCC33 /* Frameworks */ = {
			isa = PBXFrameworksBuildPhase;
			buildActionMask = 2147483647;
			files = (
			);
			runOnlyForDeploymentPostprocessing = 0;
		};
/* End PBXFrameworksBuildPhase section */

/* Begin PBXGroup section */
		6BB37FC42D546C8C005FCC33 = {
			isa = PBXGroup;
			children = (
				6BB37FCF2D546C8C005FCC33 /* ImageCropEx */,
				6BB37FE02D546C8E005FCC33 /* ImageCropExTests */,
				6BB37FEA2D546C8E005FCC33 /* ImageCropExUITests */,
				6BB37FCE2D546C8C005FCC33 /* Products */,
			);
			sourceTree = "<group>";
		};
		6BB37FCE2D546C8C005FCC33 /* Products */ = {
			isa = PBXGroup;
			children = (
				6BB37FCD2D546C8C005FCC33 /* ImageCropEx.app */,
				6BB37FDD2D546C8E005FCC33 /* ImageCropExTests.xctest */,
				6BB37FE72D546C8E005FCC33 /* ImageCropExUITests.xctest */,
			);
			name = Products;
			sourceTree = "<group>";
		};
		6BB37FCF2D546C8C005FCC33 /* ImageCropEx */ = {
			isa = PBXGroup;
			children = (
				6BB37FD02D546C8C005FCC33 /* ImageCropExApp.swift */,
				6BB37FD22D546C8C005FCC33 /* ContentView.swift */,
				6BB37FFC2D546D50005FCC33 /* CropBox.swift */,
				6BDB98462D55D46E00AC811D /* CropView.swift */,
				6BB37FD42D546C8E005FCC33 /* Assets.xcassets */,
				6BB37FD62D546C8E005FCC33 /* Preview Content */,
			);
			path = ImageCropEx;
			sourceTree = "<group>";
		};
		6BB37FD62D546C8E005FCC33 /* Preview Content */ = {
			isa = PBXGroup;
			children = (
				6BB37FD72D546C8E005FCC33 /* Preview Assets.xcassets */,
			);
			path = "Preview Content";
			sourceTree = "<group>";
		};
		6BB37FE02D546C8E005FCC33 /* ImageCropExTests */ = {
			isa = PBXGroup;
			children = (
				6BB37FE12D546C8E005FCC33 /* ImageCropExTests.swift */,
			);
			path = ImageCropExTests;
			sourceTree = "<group>";
		};
		6BB37FEA2D546C8E005FCC33 /* ImageCropExUITests */ = {
			isa = PBXGroup;
			children = (
				6BB37FEB2D546C8E005FCC33 /* ImageCropExUITests.swift */,
				6BB37FED2D546C8E005FCC33 /* ImageCropExUITestsLaunchTests.swift */,
			);
			path = ImageCropExUITests;
			sourceTree = "<group>";
		};
/* End PBXGroup section */

/* Begin PBXNativeTarget section */
		6BB37FCC2D546C8C005FCC33 /* ImageCropEx */ = {
			isa = PBXNativeTarget;
			buildConfigurationList = 6BB37FF12D546C8E005FCC33 /* Build configuration list for PBXNativeTarget "ImageCropEx" */;
			buildPhases = (
				6BB37FC92D546C8C005FCC33 /* Sources */,
				6BB37FCA2D546C8C005FCC33 /* Frameworks */,
				6BB37FCB2D546C8C005FCC33 /* Resources */,
			);
			buildRules = (
			);
			dependencies = (
			);
			name = ImageCropEx;
			productName = ImageCropEx;
			productReference = 6BB37FCD2D546C8C005FCC33 /* ImageCropEx.app */;
			productType = "com.apple.product-type.application";
		};
		6BB37FDC2D546C8E005FCC33 /* ImageCropExTests */ = {
			isa = PBXNativeTarget;
			buildConfigurationList = 6BB37FF42D546C8E005FCC33 /* Build configuration list for PBXNativeTarget "ImageCropExTests" */;
			buildPhases = (
				6BB37FD92D546C8E005FCC33 /* Sources */,
				6BB37FDA2D546C8E005FCC33 /* Frameworks */,
				6BB37FDB2D546C8E005FCC33 /* Resources */,
			);
			buildRules = (
			);
			dependencies = (
				6BB37FDF2D546C8E005FCC33 /* PBXTargetDependency */,
			);
			name = ImageCropExTests;
			productName = ImageCropExTests;
			productReference = 6BB37FDD2D546C8E005FCC33 /* ImageCropExTests.xctest */;
			productType = "com.apple.product-type.bundle.unit-test";
		};
		6BB37FE62D546C8E005FCC33 /* ImageCropExUITests */ = {
			isa = PBXNativeTarget;
			buildConfigurationList = 6BB37FF72D546C8E005FCC33 /* Build configuration list for PBXNativeTarget "ImageCropExUITests" */;
			buildPhases = (
				6BB37FE32D546C8E005FCC33 /* Sources */,
				6BB37FE42D546C8E005FCC33 /* Frameworks */,
				6BB37FE52D546C8E005FCC33 /* Resources */,
			);
			buildRules = (
			);
			dependencies = (
				6BB37FE92D546C8E005FCC33 /* PBXTargetDependency */,
			);
			name = ImageCropExUITests;
			productName = ImageCropExUITests;
			productReference = 6BB37FE72D546C8E005FCC33 /* ImageCropExUITests.xctest */;
			productType = "com.apple.product-type.bundle.ui-testing";
		};
/* End PBXNativeTarget section */

/* Begin PBXProject section */
		6BB37FC52D546C8C005FCC33 /* Project object */ = {
			isa = PBXProject;
			attributes = {
				BuildIndependentTargetsInParallel = 1;
				LastSwiftUpdateCheck = 1540;
				LastUpgradeCheck = 1540;
				TargetAttributes = {
					6BB37FCC2D546C8C005FCC33 = {
						CreatedOnToolsVersion = 15.4;
					};
					6BB37FDC2D546C8E005FCC33 = {
						CreatedOnToolsVersion = 15.4;
						TestTargetID = 6BB37FCC2D546C8C005FCC33;
					};
					6BB37FE62D546C8E005FCC33 = {
						CreatedOnToolsVersion = 15.4;
						TestTargetID = 6BB37FCC2D546C8C005FCC33;
					};
				};
			};
			buildConfigurationList = 6BB37FC82D546C8C005FCC33 /* Build configuration list for PBXProject "ImageCropEx" */;
			compatibilityVersion = "Xcode 14.0";
			developmentRegion = en;
			hasScannedForEncodings = 0;
			knownRegions = (
				en,
				Base,
			);
			mainGroup = 6BB37FC42D546C8C005FCC33;
			productRefGroup = 6BB37FCE2D546C8C005FCC33 /* Products */;
			projectDirPath = "";
			projectRoot = "";
			targets = (
				6BB37FCC2D546C8C005FCC33 /* ImageCropEx */,
				6BB37FDC2D546C8E005FCC33 /* ImageCropExTests */,
				6BB37FE62D546C8E005FCC33 /* ImageCropExUITests */,
			);
		};
/* End PBXProject section */

/* Begin PBXResourcesBuildPhase section */
		6BB37FCB2D546C8C005FCC33 /* Resources */ = {
			isa = PBXResourcesBuildPhase;
			buildActionMask = 2147483647;
			files = (
				6BB37FD82D546C8E005FCC33 /* Preview Assets.xcassets in Resources */,
				6BB37FD52D546C8E005FCC33 /* Assets.xcassets in Resources */,
			);
			runOnlyForDeploymentPostprocessing = 0;
		};
		6BB37FDB2D546C8E005FCC33 /* Resources */ = {
			isa = PBXResourcesBuildPhase;
			buildActionMask = 2147483647;
			files = (
			);
			runOnlyForDeploymentPostprocessing = 0;
		};
		6BB37FE52D546C8E005FCC33 /* Resources */ = {
			isa = PBXResourcesBuildPhase;
			buildActionMask = 2147483647;
			files = (
			);
			runOnlyForDeploymentPostprocessing = 0;
		};
/* End PBXResourcesBuildPhase section */

/* Begin PBXSourcesBuildPhase section */
		6BB37FC92D546C8C005FCC33 /* Sources */ = {
			isa = PBXSourcesBuildPhase;
			buildActionMask = 2147483647;
			files = (
				6BDB98472D55D46E00AC811D /* CropView.swift in Sources */,
				6BB37FD32D546C8C005FCC33 /* ContentView.swift in Sources */,
				6BB37FFD2D546D50005FCC33 /* CropBox.swift in Sources */,
				6BB37FD12D546C8C005FCC33 /* ImageCropExApp.swift in Sources */,
			);
			runOnlyForDeploymentPostprocessing = 0;
		};
		6BB37FD92D546C8E005FCC33 /* Sources */ = {
			isa = PBXSourcesBuildPhase;
			buildActionMask = 2147483647;
			files = (
				6BB37FE22D546C8E005FCC33 /* ImageCropExTests.swift in Sources */,
			);
			runOnlyForDeploymentPostprocessing = 0;
		};
		6BB37FE32D546C8E005FCC33 /* Sources */ = {
			isa = PBXSourcesBuildPhase;
			buildActionMask = 2147483647;
			files = (
				6BB37FEC2D546C8E005FCC33 /* ImageCropExUITests.swift in Sources */,
				6BB37FEE2D546C8E005FCC33 /* ImageCropExUITestsLaunchTests.swift in Sources */,
			);
			runOnlyForDeploymentPostprocessing = 0;
		};
/* End PBXSourcesBuildPhase section */

/* Begin PBXTargetDependency section */
		6BB37FDF2D546C8E005FCC33 /* PBXTargetDependency */ = {
			isa = PBXTargetDependency;
			target = 6BB37FCC2D546C8C005FCC33 /* ImageCropEx */;
			targetProxy = 6BB37FDE2D546C8E005FCC33 /* PBXContainerItemProxy */;
		};
		6BB37FE92D546C8E005FCC33 /* PBXTargetDependency */ = {
			isa = PBXTargetDependency;
			target = 6BB37FCC2D546C8C005FCC33 /* ImageCropEx */;
			targetProxy = 6BB37FE82D546C8E005FCC33 /* PBXContainerItemProxy */;
		};
/* End PBXTargetDependency section */

/* Begin XCBuildConfiguration section */
		6BB37FEF2D546C8E005FCC33 /* Debug */ = {
			isa = XCBuildConfiguration;
			buildSettings = {
				ALWAYS_SEARCH_USER_PATHS = NO;
				ASSETCATALOG_COMPILER_GENERATE_SWIFT_ASSET_SYMBOL_EXTENSIONS = YES;
				CLANG_ANALYZER_NONNULL = YES;
				CLANG_ANALYZER_NUMBER_OBJECT_CONVERSION = YES_AGGRESSIVE;
				CLANG_CXX_LANGUAGE_STANDARD = "gnu++20";
				CLANG_ENABLE_MODULES = YES;
				CLANG_ENABLE_OBJC_ARC = YES;
				CLANG_ENABLE_OBJC_WEAK = YES;
				CLANG_WARN_BLOCK_CAPTURE_AUTORELEASING = YES;
				CLANG_WARN_BOOL_CONVERSION = YES;
				CLANG_WARN_COMMA = YES;
				CLANG_WARN_CONSTANT_CONVERSION = YES;
				CLANG_WARN_DEPRECATED_OBJC_IMPLEMENTATIONS = YES;
				CLANG_WARN_DIRECT_OBJC_ISA_USAGE = YES_ERROR;
				CLANG_WARN_DOCUMENTATION_COMMENTS = YES;
				CLANG_WARN_EMPTY_BODY = YES;
				CLANG_WARN_ENUM_CONVERSION = YES;
				CLANG_WARN_INFINITE_RECURSION = YES;
				CLANG_WARN_INT_CONVERSION = YES;
				CLANG_WARN_NON_LITERAL_NULL_CONVERSION = YES;
				CLANG_WARN_OBJC_IMPLICIT_RETAIN_SELF = YES;
				CLANG_WARN_OBJC_LITERAL_CONVERSION = YES;
				CLANG_WARN_OBJC_ROOT_CLASS = YES_ERROR;
				CLANG_WARN_QUOTED_INCLUDE_IN_FRAMEWORK_HEADER = YES;
				CLANG_WARN_RANGE_LOOP_ANALYSIS = YES;
				CLANG_WARN_STRICT_PROTOTYPES = YES;
				CLANG_WARN_SUSPICIOUS_MOVE = YES;
				CLANG_WARN_UNGUARDED_AVAILABILITY = YES_AGGRESSIVE;
				CLANG_WARN_UNREACHABLE_CODE = YES;
				CLANG_WARN__DUPLICATE_METHOD_MATCH = YES;
				COPY_PHASE_STRIP = NO;
				DEBUG_INFORMATION_FORMAT = dwarf;
				ENABLE_STRICT_OBJC_MSGSEND = YES;
				ENABLE_TESTABILITY = YES;
				ENABLE_USER_SCRIPT_SANDBOXING = YES;
				GCC_C_LANGUAGE_STANDARD = gnu17;
				GCC_DYNAMIC_NO_PIC = NO;
				GCC_NO_COMMON_BLOCKS = YES;
				GCC_OPTIMIZATION_LEVEL = 0;
				GCC_PREPROCESSOR_DEFINITIONS = (
					"DEBUG=1",
					"$(inherited)",
				);
				GCC_WARN_64_TO_32_BIT_CONVERSION = YES;
				GCC_WARN_ABOUT_RETURN_TYPE = YES_ERROR;
				GCC_WARN_UNDECLARED_SELECTOR = YES;
				GCC_WARN_UNINITIALIZED_AUTOS = YES_AGGRESSIVE;
				GCC_WARN_UNUSED_FUNCTION = YES;
				GCC_WARN_UNUSED_VARIABLE = YES;
				IPHONEOS_DEPLOYMENT_TARGET = 17.5;
				LOCALIZATION_PREFERS_STRING_CATALOGS = YES;
				MTL_ENABLE_DEBUG_INFO = INCLUDE_SOURCE;
				MTL_FAST_MATH = YES;
				ONLY_ACTIVE_ARCH = YES;
				SDKROOT = iphoneos;
				SWIFT_ACTIVE_COMPILATION_CONDITIONS = "DEBUG $(inherited)";
				SWIFT_OPTIMIZATION_LEVEL = "-Onone";
			};
			name = Debug;
		};
		6BB37FF02D546C8E005FCC33 /* Release */ = {
			isa = XCBuildConfiguration;
			buildSettings = {
				ALWAYS_SEARCH_USER_PATHS = NO;
				ASSETCATALOG_COMPILER_GENERATE_SWIFT_ASSET_SYMBOL_EXTENSIONS = YES;
				CLANG_ANALYZER_NONNULL = YES;
				CLANG_ANALYZER_NUMBER_OBJECT_CONVERSION = YES_AGGRESSIVE;
				CLANG_CXX_LANGUAGE_STANDARD = "gnu++20";
				CLANG_ENABLE_MODULES = YES;
				CLANG_ENABLE_OBJC_ARC = YES;
				CLANG_ENABLE_OBJC_WEAK = YES;
				CLANG_WARN_BLOCK_CAPTURE_AUTORELEASING = YES;
				CLANG_WARN_BOOL_CONVERSION = YES;
				CLANG_WARN_COMMA = YES;
				CLANG_WARN_CONSTANT_CONVERSION = YES;
				CLANG_WARN_DEPRECATED_OBJC_IMPLEMENTATIONS = YES;
				CLANG_WARN_DIRECT_OBJC_ISA_USAGE = YES_ERROR;
				CLANG_WARN_DOCUMENTATION_COMMENTS = YES;
				CLANG_WARN_EMPTY_BODY = YES;
				CLANG_WARN_ENUM_CONVERSION = YES;
				CLANG_WARN_INFINITE_RECURSION = YES;
				CLANG_WARN_INT_CONVERSION = YES;
				CLANG_WARN_NON_LITERAL_NULL_CONVERSION = YES;
				CLANG_WARN_OBJC_IMPLICIT_RETAIN_SELF = YES;
				CLANG_WARN_OBJC_LITERAL_CONVERSION = YES;
				CLANG_WARN_OBJC_ROOT_CLASS = YES_ERROR;
				CLANG_WARN_QUOTED_INCLUDE_IN_FRAMEWORK_HEADER = YES;
				CLANG_WARN_RANGE_LOOP_ANALYSIS = YES;
				CLANG_WARN_STRICT_PROTOTYPES = YES;
				CLANG_WARN_SUSPICIOUS_MOVE = YES;
				CLANG_WARN_UNGUARDED_AVAILABILITY = YES_AGGRESSIVE;
				CLANG_WARN_UNREACHABLE_CODE = YES;
				CLANG_WARN__DUPLICATE_METHOD_MATCH = YES;
				COPY_PHASE_STRIP = NO;
				DEBUG_INFORMATION_FORMAT = "dwarf-with-dsym";
				ENABLE_NS_ASSERTIONS = NO;
				ENABLE_STRICT_OBJC_MSGSEND = YES;
				ENABLE_USER_SCRIPT_SANDBOXING = YES;
				GCC_C_LANGUAGE_STANDARD = gnu17;
				GCC_NO_COMMON_BLOCKS = YES;
				GCC_WARN_64_TO_32_BIT_CONVERSION = YES;
				GCC_WARN_ABOUT_RETURN_TYPE = YES_ERROR;
				GCC_WARN_UNDECLARED_SELECTOR = YES;
				GCC_WARN_UNINITIALIZED_AUTOS = YES_AGGRESSIVE;
				GCC_WARN_UNUSED_FUNCTION = YES;
				GCC_WARN_UNUSED_VARIABLE = YES;
				IPHONEOS_DEPLOYMENT_TARGET = 17.5;
				LOCALIZATION_PREFERS_STRING_CATALOGS = YES;
				MTL_ENABLE_DEBUG_INFO = NO;
				MTL_FAST_MATH = YES;
				SDKROOT = iphoneos;
				SWIFT_COMPILATION_MODE = wholemodule;
				VALIDATE_PRODUCT = YES;
			};
			name = Release;
		};
		6BB37FF22D546C8E005FCC33 /* Debug */ = {
			isa = XCBuildConfiguration;
			buildSettings = {
				ASSETCATALOG_COMPILER_APPICON_NAME = AppIcon;
				ASSETCATALOG_COMPILER_GLOBAL_ACCENT_COLOR_NAME = AccentColor;
				CODE_SIGN_STYLE = Automatic;
				CURRENT_PROJECT_VERSION = 1;
				DEVELOPMENT_ASSET_PATHS = "\"ImageCropEx/Preview Content\"";
				DEVELOPMENT_TEAM = SCEZ5R8HKX;
				ENABLE_PREVIEWS = YES;
				GENERATE_INFOPLIST_FILE = YES;
				INFOPLIST_KEY_UIApplicationSceneManifest_Generation = YES;
				INFOPLIST_KEY_UIApplicationSupportsIndirectInputEvents = YES;
				INFOPLIST_KEY_UILaunchScreen_Generation = YES;
				INFOPLIST_KEY_UISupportedInterfaceOrientations_iPad = "UIInterfaceOrientationPortrait UIInterfaceOrientationPortraitUpsideDown UIInterfaceOrientationLandscapeLeft UIInterfaceOrientationLandscapeRight";
				INFOPLIST_KEY_UISupportedInterfaceOrientations_iPhone = "UIInterfaceOrientationPortrait UIInterfaceOrientationLandscapeLeft UIInterfaceOrientationLandscapeRight";
				IPHONEOS_DEPLOYMENT_TARGET = 15.0;
				LD_RUNPATH_SEARCH_PATHS = (
					"$(inherited)",
					"@executable_path/Frameworks",
				);
				MARKETING_VERSION = 1.0;
				PRODUCT_BUNDLE_IDENTIFIER = com.yoonds.ImageCropEx;
				PRODUCT_NAME = "$(TARGET_NAME)";
				SWIFT_EMIT_LOC_STRINGS = YES;
				SWIFT_VERSION = 5.0;
				TARGETED_DEVICE_FAMILY = "1,2";
			};
			name = Debug;
		};
		6BB37FF32D546C8E005FCC33 /* Release */ = {
			isa = XCBuildConfiguration;
			buildSettings = {
				ASSETCATALOG_COMPILER_APPICON_NAME = AppIcon;
				ASSETCATALOG_COMPILER_GLOBAL_ACCENT_COLOR_NAME = AccentColor;
				CODE_SIGN_STYLE = Automatic;
				CURRENT_PROJECT_VERSION = 1;
				DEVELOPMENT_ASSET_PATHS = "\"ImageCropEx/Preview Content\"";
				DEVELOPMENT_TEAM = SCEZ5R8HKX;
				ENABLE_PREVIEWS = YES;
				GENERATE_INFOPLIST_FILE = YES;
				INFOPLIST_KEY_UIApplicationSceneManifest_Generation = YES;
				INFOPLIST_KEY_UIApplicationSupportsIndirectInputEvents = YES;
				INFOPLIST_KEY_UILaunchScreen_Generation = YES;
				INFOPLIST_KEY_UISupportedInterfaceOrientations_iPad = "UIInterfaceOrientationPortrait UIInterfaceOrientationPortraitUpsideDown UIInterfaceOrientationLandscapeLeft UIInterfaceOrientationLandscapeRight";
				INFOPLIST_KEY_UISupportedInterfaceOrientations_iPhone = "UIInterfaceOrientationPortrait UIInterfaceOrientationLandscapeLeft UIInterfaceOrientationLandscapeRight";
				IPHONEOS_DEPLOYMENT_TARGET = 15.0;
				LD_RUNPATH_SEARCH_PATHS = (
					"$(inherited)",
					"@executable_path/Frameworks",
				);
				MARKETING_VERSION = 1.0;
				PRODUCT_BUNDLE_IDENTIFIER = com.yoonds.ImageCropEx;
				PRODUCT_NAME = "$(TARGET_NAME)";
				SWIFT_EMIT_LOC_STRINGS = YES;
				SWIFT_VERSION = 5.0;
				TARGETED_DEVICE_FAMILY = "1,2";
			};
			name = Release;
		};
		6BB37FF52D546C8E005FCC33 /* Debug */ = {
			isa = XCBuildConfiguration;
			buildSettings = {
				ALWAYS_EMBED_SWIFT_STANDARD_LIBRARIES = YES;
				BUNDLE_LOADER = "$(TEST_HOST)";
				CODE_SIGN_STYLE = Automatic;
				CURRENT_PROJECT_VERSION = 1;
				DEVELOPMENT_TEAM = 4G7J2Y462B;
				GENERATE_INFOPLIST_FILE = YES;
				IPHONEOS_DEPLOYMENT_TARGET = 17.5;
				MARKETING_VERSION = 1.0;
				PRODUCT_BUNDLE_IDENTIFIER = com.yoonds.ImageCropExTests;
				PRODUCT_NAME = "$(TARGET_NAME)";
				SWIFT_EMIT_LOC_STRINGS = NO;
				SWIFT_VERSION = 5.0;
				TARGETED_DEVICE_FAMILY = "1,2";
				TEST_HOST = "$(BUILT_PRODUCTS_DIR)/ImageCropEx.app/$(BUNDLE_EXECUTABLE_FOLDER_PATH)/ImageCropEx";
			};
			name = Debug;
		};
		6BB37FF62D546C8E005FCC33 /* Release */ = {
			isa = XCBuildConfiguration;
			buildSettings = {
				ALWAYS_EMBED_SWIFT_STANDARD_LIBRARIES = YES;
				BUNDLE_LOADER = "$(TEST_HOST)";
				CODE_SIGN_STYLE = Automatic;
				CURRENT_PROJECT_VERSION = 1;
				DEVELOPMENT_TEAM = 4G7J2Y462B;
				GENERATE_INFOPLIST_FILE = YES;
				IPHONEOS_DEPLOYMENT_TARGET = 17.5;
				MARKETING_VERSION = 1.0;
				PRODUCT_BUNDLE_IDENTIFIER = com.yoonds.ImageCropExTests;
				PRODUCT_NAME = "$(TARGET_NAME)";
				SWIFT_EMIT_LOC_STRINGS = NO;
				SWIFT_VERSION = 5.0;
				TARGETED_DEVICE_FAMILY = "1,2";
				TEST_HOST = "$(BUILT_PRODUCTS_DIR)/ImageCropEx.app/$(BUNDLE_EXECUTABLE_FOLDER_PATH)/ImageCropEx";
			};
			name = Release;
		};
		6BB37FF82D546C8E005FCC33 /* Debug */ = {
			isa = XCBuildConfiguration;
			buildSettings = {
				ALWAYS_EMBED_SWIFT_STANDARD_LIBRARIES = YES;
				CODE_SIGN_STYLE = Automatic;
				CURRENT_PROJECT_VERSION = 1;
				DEVELOPMENT_TEAM = 4G7J2Y462B;
				GENERATE_INFOPLIST_FILE = YES;
				MARKETING_VERSION = 1.0;
				PRODUCT_BUNDLE_IDENTIFIER = com.yoonds.ImageCropExUITests;
				PRODUCT_NAME = "$(TARGET_NAME)";
				SWIFT_EMIT_LOC_STRINGS = NO;
				SWIFT_VERSION = 5.0;
				TARGETED_DEVICE_FAMILY = "1,2";
				TEST_TARGET_NAME = ImageCropEx;
			};
			name = Debug;
		};
		6BB37FF92D546C8E005FCC33 /* Release */ = {
			isa = XCBuildConfiguration;
			buildSettings = {
				ALWAYS_EMBED_SWIFT_STANDARD_LIBRARIES = YES;
				CODE_SIGN_STYLE = Automatic;
				CURRENT_PROJECT_VERSION = 1;
				DEVELOPMENT_TEAM = 4G7J2Y462B;
				GENERATE_INFOPLIST_FILE = YES;
				MARKETING_VERSION = 1.0;
				PRODUCT_BUNDLE_IDENTIFIER = com.yoonds.ImageCropExUITests;
				PRODUCT_NAME = "$(TARGET_NAME)";
				SWIFT_EMIT_LOC_STRINGS = NO;
				SWIFT_VERSION = 5.0;
				TARGETED_DEVICE_FAMILY = "1,2";
				TEST_TARGET_NAME = ImageCropEx;
			};
			name = Release;
		};
/* End XCBuildConfiguration section */

/* Begin XCConfigurationList section */
		6BB37FC82D546C8C005FCC33 /* Build configuration list for PBXProject "ImageCropEx" */ = {
			isa = XCConfigurationList;
			buildConfigurations = (
				6BB37FEF2D546C8E005FCC33 /* Debug */,
				6BB37FF02D546C8E005FCC33 /* Release */,
			);
			defaultConfigurationIsVisible = 0;
			defaultConfigurationName = Release;
		};
		6BB37FF12D546C8E005FCC33 /* Build configuration list for PBXNativeTarget "ImageCropEx" */ = {
			isa = XCConfigurationList;
			buildConfigurations = (
				6BB37FF22D546C8E005FCC33 /* Debug */,
				6BB37FF32D546C8E005FCC33 /* Release */,
			);
			defaultConfigurationIsVisible = 0;
			defaultConfigurationName = Release;
		};
		6BB37FF42D546C8E005FCC33 /* Build configuration list for PBXNativeTarget "ImageCropExTests" */ = {
			isa = XCConfigurationList;
			buildConfigurations = (
				6BB37FF52D546C8E005FCC33 /* Debug */,
				6BB37FF62D546C8E005FCC33 /* Release */,
			);
			defaultConfigurationIsVisible = 0;
			defaultConfigurationName = Release;
		};
		6BB37FF72D546C8E005FCC33 /* Build configuration list for PBXNativeTarget "ImageCropExUITests" */ = {
			isa = XCConfigurationList;
			buildConfigurations = (
				6BB37FF82D546C8E005FCC33 /* Debug */,
				6BB37FF92D546C8E005FCC33 /* Release */,
			);
			defaultConfigurationIsVisible = 0;
			defaultConfigurationName = Release;
		};
/* End XCConfigurationList section */
	};
	rootObject = 6BB37FC52D546C8C005FCC33 /* Project object */;
}
